Microsoft Visual Studio Solution File, Format Version 12.00
# Visual Studio Version 17
VisualStudioVersion = 17.5.2.0
MinimumVisualStudioVersion = 10.0.40219.1
Project("{FAE04EC0-301F-11D3-BF4B-00C04F79EFBC}") = "Question2_ATM", "Question2_ATM.csproj", "{DD764D62-E4B1-2233-6AE4-0DF2B4D5CA4F}"
EndProject
Global
	GlobalSection(SolutionConfigurationPlatforms) = preSolution
		Debug|Any CPU = Debug|Any CPU
		Release|Any CPU = Release|Any CPU
	EndGlobalSection
	GlobalSection(ProjectConfigurationPlatforms) = postSolution
		{DD764D62-E4B1-2233-6AE4-0DF2B4D5CA4F}.Debug|Any CPU.ActiveCfg = Debug|Any CPU
		{DD764D62-E4B1-2233-6AE4-0DF2B4D5CA4F}.Debug|Any CPU.Build.0 = Debug|Any CPU
		{DD764D62-E4B1-2233-6AE4-0DF2B4D5CA4F}.Release|Any CPU.ActiveCfg = Release|Any CPU
		{DD764D62-E4B1-2233-6AE4-0DF2B4D5CA4F}.Release|Any CPU.Build.0 = Release|Any CPU
	EndGlobalSection
	GlobalSection(SolutionProperties) = preSolution
		HideSolutionNode = FALSE
	EndGlobalSection
	GlobalSection(ExtensibilityGlobals) = postSolution
		SolutionGuid = {5885DD8A-AAB6-4A85-A8C4-5980493A2BA0}
	EndGlobalSection
EndGlobal
